
Microsoft Visual Studio Solution File, Format Version 12.00
# Visual Studio Version 17
VisualStudioVersion = 17.6.33815.320
MinimumVisualStudioVersion = 10.0.40219.1
Project("{2150E333-8FDC-42A3-9474-1A3956D46DE8}") = "Engine", "Engine", "{4D45D998-4FB2-4B36-B3D5-BEBBD8332852}"
EndProject
Project("{2150E333-8FDC-42A3-9474-1A3956D46DE8}") = "Game", "Game", "{1D757F9F-4BC2-41A3-9382-4A44ED0013EB}"
EndProject
Project("{8BC9CEB8-8B4A-11D0-8D11-00A0C91BC942}") = "Core", "Source\Engine\Core\Core.vcxproj", "{E5D2148A-16C6-4FFB-B496-549A1A22F52F}"
EndProject
Project("{8BC9CEB8-8B4A-11D0-8D11-00A0C91BC942}") = "Audio", "Source\Engine\Audio\Audio.vcxproj", "{EC369819-564C-4C84-922A-E362B1BF6787}"
EndProject
Project("{8BC9CEB8-8B4A-11D0-8D11-00A0C91BC942}") = "Framework", "Source\Engine\Framework\Framework.vcxproj", "{64F84BDE-C5DD-4763-B768-EEAEDDD40E2A}"
EndProject
Project("{8BC9CEB8-8B4A-11D0-8D11-00A0C91BC942}") = "Input", "Source\Engine\Input\Input.vcxproj", "{D54BB5FC-AD4C-4B51-8E4D-E0E39830A835}"
EndProject
Project("{8BC9CEB8-8B4A-11D0-8D11-00A0C91BC942}") = "Renderer", "Source\Engine\Renderer\Renderer.vcxproj", "{8662934D-5818-477F-A243-22100159E43D}"
EndProject
Project("{8BC9CEB8-8B4A-11D0-8D11-00A0C91BC942}") = "Game", "Source\Game\Game\Game.vcxproj", "{169CC146-81E9-4ECA-91D6-5398AFBF5A4F}"
EndProject
Project("{8BC9CEB8-8B4A-11D0-8D11-00A0C91BC942}") = "Physics", "Source\Engine\Physics\Physics.vcxproj", "{4DF35D37-2C71-4966-8066-E85998D2720C}"
EndProject
Global
	GlobalSection(SolutionConfigurationPlatforms) = preSolution
		Debug|x64 = Debug|x64
		Debug|x86 = Debug|x86
		Release|x64 = Release|x64
		Release|x86 = Release|x86
	EndGlobalSection
	GlobalSection(ProjectConfigurationPlatforms) = postSolution
		{E5D2148A-16C6-4FFB-B496-549A1A22F52F}.Debug|x64.ActiveCfg = Debug|x64
		{E5D2148A-16C6-4FFB-B496-549A1A22F52F}.Debug|x64.Build.0 = Debug|x64
		{E5D2148A-16C6-4FFB-B496-549A1A22F52F}.Debug|x86.ActiveCfg = Debug|Win32
		{E5D2148A-16C6-4FFB-B496-549A1A22F52F}.Debug|x86.Build.0 = Debug|Win32
		{E5D2148A-16C6-4FFB-B496-549A1A22F52F}.Release|x64.ActiveCfg = Release|x64
		{E5D2148A-16C6-4FFB-B496-549A1A22F52F}.Release|x64.Build.0 = Release|x64
		{E5D2148A-16C6-4FFB-B496-549A1A22F52F}.Release|x86.ActiveCfg = Release|Win32
		{E5D2148A-16C6-4FFB-B496-549A1A22F52F}.Release|x86.Build.0 = Release|Win32
		{EC369819-564C-4C84-922A-E362B1BF6787}.Debug|x64.ActiveCfg = Debug|x64
		{EC369819-564C-4C84-922A-E362B1BF6787}.Debug|x64.Build.0 = Debug|x64
		{EC369819-564C-4C84-922A-E362B1BF6787}.Debug|x86.ActiveCfg = Debug|Win32
		{EC369819-564C-4C84-922A-E362B1BF6787}.Debug|x86.Build.0 = Debug|Win32
		{EC369819-564C-4C84-922A-E362B1BF6787}.Release|x64.ActiveCfg = Release|x64
		{EC369819-564C-4C84-922A-E362B1BF6787}.Release|x64.Build.0 = Release|x64
		{EC369819-564C-4C84-922A-E362B1BF6787}.Release|x86.ActiveCfg = Release|Win32
		{EC369819-564C-4C84-922A-E362B1BF6787}.Release|x86.Build.0 = Release|Win32
		{64F84BDE-C5DD-4763-B768-EEAEDDD40E2A}.Debug|x64.ActiveCfg = Debug|x64
		{64F84BDE-C5DD-4763-B768-EEAEDDD40E2A}.Debug|x64.Build.0 = Debug|x64
		{64F84BDE-C5DD-4763-B768-EEAEDDD40E2A}.Debug|x86.ActiveCfg = Debug|Win32
		{64F84BDE-C5DD-4763-B768-EEAEDDD40E2A}.Debug|x86.Build.0 = Debug|Win32
		{64F84BDE-C5DD-4763-B768-EEAEDDD40E2A}.Release|x64.ActiveCfg = Release|x64
		{64F84BDE-C5DD-4763-B768-EEAEDDD40E2A}.Release|x64.Build.0 = Release|x64
		{64F84BDE-C5DD-4763-B768-EEAEDDD40E2A}.Release|x86.ActiveCfg = Release|Win32
		{64F84BDE-C5DD-4763-B768-EEAEDDD40E2A}.Release|x86.Build.0 = Release|Win32
		{D54BB5FC-AD4C-4B51-8E4D-E0E39830A835}.Debug|x64.ActiveCfg = Debug|x64
		{D54BB5FC-AD4C-4B51-8E4D-E0E39830A835}.Debug|x64.Build.0 = Debug|x64
		{D54BB5FC-AD4C-4B51-8E4D-E0E39830A835}.Debug|x86.ActiveCfg = Debug|Win32
		{D54BB5FC-AD4C-4B51-8E4D-E0E39830A835}.Debug|x86.Build.0 = Debug|Win32
		{D54BB5FC-AD4C-4B51-8E4D-E0E39830A835}.Release|x64.ActiveCfg = Release|x64
		{D54BB5FC-AD4C-4B51-8E4D-E0E39830A835}.Release|x64.Build.0 = Release|x64
		{D54BB5FC-AD4C-4B51-8E4D-E0E39830A835}.Release|x86.ActiveCfg = Release|Win32
		{D54BB5FC-AD4C-4B51-8E4D-E0E39830A835}.Release|x86.Build.0 = Release|Win32
		{8662934D-5818-477F-A243-22100159E43D}.Debug|x64.ActiveCfg = Debug|x64
		{8662934D-5818-477F-A243-22100159E43D}.Debug|x64.Build.0 = Debug|x64
		{8662934D-5818-477F-A243-22100159E43D}.Debug|x86.ActiveCfg = Debug|Win32
		{8662934D-5818-477F-A243-22100159E43D}.Debug|x86.Build.0 = Debug|Win32
		{8662934D-5818-477F-A243-22100159E43D}.Release|x64.ActiveCfg = Release|x64
		{8662934D-5818-477F-A243-22100159E43D}.Release|x64.Build.0 = Release|x64
		{8662934D-5818-477F-A243-22100159E43D}.Release|x86.ActiveCfg = Release|Win32
		{8662934D-5818-477F-A243-22100159E43D}.Release|x86.Build.0 = Release|Win32
		{169CC146-81E9-4ECA-91D6-5398AFBF5A4F}.Debug|x64.ActiveCfg = Debug|x64
		{169CC146-81E9-4ECA-91D6-5398AFBF5A4F}.Debug|x64.Build.0 = Debug|x64
		{169CC146-81E9-4ECA-91D6-5398AFBF5A4F}.Debug|x86.ActiveCfg = Debug|Win32
		{169CC146-81E9-4ECA-91D6-5398AFBF5A4F}.Debug|x86.Build.0 = Debug|Win32
		{169CC146-81E9-4ECA-91D6-5398AFBF5A4F}.Release|x64.ActiveCfg = Release|x64
		{169CC146-81E9-4ECA-91D6-5398AFBF5A4F}.Release|x64.Build.0 = Release|x64
		{169CC146-81E9-4ECA-91D6-5398AFBF5A4F}.Release|x86.ActiveCfg = Release|Win32
		{169CC146-81E9-4ECA-91D6-5398AFBF5A4F}.Release|x86.Build.0 = Release|Win32
		{4DF35D37-2C71-4966-8066-E85998D2720C}.Debug|x64.ActiveCfg = Debug|x64
		{4DF35D37-2C71-4966-8066-E85998D2720C}.Debug|x64.Build.0 = Debug|x64
		{4DF35D37-2C71-4966-8066-E85998D2720C}.Debug|x86.ActiveCfg = Debug|Win32
		{4DF35D37-2C71-4966-8066-E85998D2720C}.Debug|x86.Build.0 = Debug|Win32
		{4DF35D37-2C71-4966-8066-E85998D2720C}.Release|x64.ActiveCfg = Release|x64
		{4DF35D37-2C71-4966-8066-E85998D2720C}.Release|x64.Build.0 = Release|x64
		{4DF35D37-2C71-4966-8066-E85998D2720C}.Release|x86.ActiveCfg = Release|Win32
		{4DF35D37-2C71-4966-8066-E85998D2720C}.Release|x86.Build.0 = Release|Win32
	EndGlobalSection
	GlobalSection(SolutionProperties) = preSolution
		HideSolutionNode = FALSE
	EndGlobalSection
	GlobalSection(NestedProjects) = preSolution
		{E5D2148A-16C6-4FFB-B496-549A1A22F52F} = {4D45D998-4FB2-4B36-B3D5-BEBBD8332852}
		{EC369819-564C-4C84-922A-E362B1BF6787} = {4D45D998-4FB2-4B36-B3D5-BEBBD8332852}
		{64F84BDE-C5DD-4763-B768-EEAEDDD40E2A} = {4D45D998-4FB2-4B36-B3D5-BEBBD8332852}
		{D54BB5FC-AD4C-4B51-8E4D-E0E39830A835} = {4D45D998-4FB2-4B36-B3D5-BEBBD8332852}
		{8662934D-5818-477F-A243-22100159E43D} = {4D45D998-4FB2-4B36-B3D5-BEBBD8332852}
		{169CC146-81E9-4ECA-91D6-5398AFBF5A4F} = {1D757F9F-4BC2-41A3-9382-4A44ED0013EB}
		{4DF35D37-2C71-4966-8066-E85998D2720C} = {4D45D998-4FB2-4B36-B3D5-BEBBD8332852}
	EndGlobalSection
	GlobalSection(ExtensibilityGlobals) = postSolution
		SolutionGuid = {939E1D45-35C5-4F57-B09D-703E35D1F9F7}
	EndGlobalSection
EndGlobal
